{
  "nodes": {
    "excalidraw-diagram-skill": {
      "flake": false,
      "locked": {
        "lastModified": 1772372175,
        "narHash": "sha256-X0GEwn/1n6jxmnaF0YMMBWpEOaQ8XOy3yigLXkBDi/w=",
        "owner": "coleam00",
        "repo": "excalidraw-diagram-skill",
        "rev": "8646fcc9f74f38539c6cdb4c969723336a96ddcd",
        "type": "github"
      },
      "original": {
        "owner": "coleam00",
        "repo": "excalidraw-diagram-skill",
        "type": "github"
      }
    },
    "flake-parts": {
      "inputs": {
        "nixpkgs-lib": "nixpkgs-lib"
      },
      "locked": {
        "lastModified": 1772408722,
        "narHash": "sha256-rHuJtdcOjK7rAHpHphUb1iCvgkU3GpfvicLMwwnfMT0=",
        "owner": "hercules-ci",
        "repo": "flake-parts",
        "rev": "f20dc5d9b8027381c474144ecabc9034d6a839a3",
        "type": "github"
      },
      "original": {
        "owner": "hercules-ci",
        "repo": "flake-parts",
        "type": "github"
      }
    },
    "homeassistant-ai-skills": {
      "flake": false,
      "locked": {
        "lastModified": 1773421814,
        "narHash": "sha256-1tnqb+Cm+OzQKZwTw5zMYdaVpIvrAeD2fdvvn74Vkec=",
        "owner": "homeassistant-ai",
        "repo": "skills",
        "rev": "43c94f7844d81c8b6220170ebd9eecc7c3085e50",
        "type": "github"
      },
      "original": {
        "owner": "homeassistant-ai",
        "repo": "skills",
        "type": "github"
      }
    },
    "nixpkgs": {
      "locked": {
        "lastModified": 1773389992,
        "narHash": "sha256-wvfdLLWJ2I9oEpDd9PfMA8osfIZicoQ5MT1jIwNs9Tk=",
        "owner": "nixos",
        "repo": "nixpkgs",
        "rev": "c06b4ae3d6599a672a6210b7021d699c351eebda",
        "type": "github"
      },
      "original": {
        "owner": "nixos",
        "ref": "nixos-unstable",
        "repo": "nixpkgs",
        "type": "github"
      }
    },
    "nixpkgs-lib": {
      "locked": {
        "lastModified": 1772328832,
        "narHash": "sha256-e+/T/pmEkLP6BHhYjx6GmwP5ivonQQn0bJdH9YrRB+Q=",
        "owner": "nix-community",
        "repo": "nixpkgs.lib",
        "rev": "c185c7a5e5dd8f9add5b2f8ebeff00888b070742",
        "type": "github"
      },
      "original": {
        "owner": "nix-community",
        "repo": "nixpkgs.lib",
        "type": "github"
      }
    },
    "opencode": {
      "inputs": {
        "nixpkgs": [
          "nixpkgs"
        ]
      },
      "locked": {
        "lastModified": 1773620439,
        "narHash": "sha256-APo6Xj/WDkzAwRBXBZyZnlIwwyCFlDfbP51jz+xWgEo=",
        "owner": "sst",
        "repo": "opencode",
        "rev": "510374207dcca69a6f7d2a4bae606822662925a2",
        "type": "github"
      },
      "original": {
        "owner": "sst",
        "repo": "opencode",
        "type": "github"
      }
    },
    "root": {
      "inputs": {
        "excalidraw-diagram-skill": "excalidraw-diagram-skill",
        "flake-parts": "flake-parts",
        "homeassistant-ai-skills": "homeassistant-ai-skills",
        "nixpkgs": "nixpkgs",
        "opencode": "opencode"
      }
    }
  },
  "root": "root",
  "version": 7
}
